
Microsoft Visual Studio Solution File, Format Version 12.00
# Visual Studio Version 16
VisualStudioVersion = 16.0.30804.86
MinimumVisualStudioVersion = 10.0.40219.1
Project("{FAE04EC0-301F-11D3-BF4B-00C04F79EFBC}") = "MyDictionary", "MyDictionary\MyDictionary.csproj", "{B6D7EFBB-D0DD-42A9-8B12-9C2482282ADE}"
EndProject
Global
	GlobalSection(SolutionConfigurationPlatforms) = preSolution
		Debug|Any CPU = Debug|Any CPU
		Release|Any CPU = Release|Any CPU
	EndGlobalSection
	GlobalSection(ProjectConfigurationPlatforms) = postSolution
		{B6D7EFBB-D0DD-42A9-8B12-9C2482282ADE}.Debug|Any CPU.ActiveCfg = Debug|Any CPU
		{B6D7EFBB-D0DD-42A9-8B12-9C2482282ADE}.Debug|Any CPU.Build.0 = Debug|Any CPU
		{B6D7EFBB-D0DD-42A9-8B12-9C2482282ADE}.Release|Any CPU.ActiveCfg = Release|Any CPU
		{B6D7EFBB-D0DD-42A9-8B12-9C2482282ADE}.Release|Any CPU.Build.0 = Release|Any CPU
	EndGlobalSection
	GlobalSection(SolutionProperties) = preSolution
		HideSolutionNode = FALSE
	EndGlobalSection
	GlobalSection(ExtensibilityGlobals) = postSolution
		SolutionGuid = {DEB2A5C4-753E-4857-B968-BBFBF9B26C80}
	EndGlobalSection
EndGlobal
